# THIS IS AN AUTOGENERATED FILE. DO NOT EDIT THIS FILE DIRECTLY.
# yarn lockfile v1


"@prisma/client@^5.15.0", "@prisma/client@5.15.0":
  version "5.15.0"
  resolved "https://registry.npmjs.org/@prisma/client/-/client-5.15.0.tgz"
  integrity sha512-wPTeTjbd2Q0abOeffN7zCDCbkp9C9cF+e9HPiI64lmpehyq2TepgXE+sY7FXr7Rhbb21prLMnhXX27/E11V09w==

"@prisma/debug@5.14.0":
  version "5.14.0"
  resolved "https://registry.npmjs.org/@prisma/debug/-/debug-5.14.0.tgz"
  integrity sha512-iq56qBZuFfX3fCxoxT8gBX33lQzomBU0qIUaEj1RebsKVz1ob/BVH1XSBwwwvRVtZEV1b7Fxx2eVu34Ge/mg3w==

"@prisma/engines-version@5.14.0-25.e9771e62de70f79a5e1c604a2d7c8e2a0a874b48":
  version "5.14.0-25.e9771e62de70f79a5e1c604a2d7c8e2a0a874b48"
  resolved "https://registry.npmjs.org/@prisma/engines-version/-/engines-version-5.14.0-25.e9771e62de70f79a5e1c604a2d7c8e2a0a874b48.tgz"
  integrity sha512-ip6pNkRo1UxWv+6toxNcYvItNYaqQjXdFNGJ+Nuk2eYtRoEdoF13wxo7/jsClJFFenMPVNVqXQDV0oveXnR1cA==

"@prisma/engines@5.14.0":
  version "5.14.0"
  resolved "https://registry.npmjs.org/@prisma/engines/-/engines-5.14.0.tgz"
  integrity sha512-lgxkKZ6IEygVcw6IZZUlPIfLQ9hjSYAtHjZ5r64sCLDgVzsPFCi2XBBJgzPMkOQ5RHzUD4E/dVdpn9+ez8tk1A==
  dependencies:
    "@prisma/debug" "5.14.0"
    "@prisma/engines-version" "5.14.0-25.e9771e62de70f79a5e1c604a2d7c8e2a0a874b48"
    "@prisma/fetch-engine" "5.14.0"
    "@prisma/get-platform" "5.14.0"

"@prisma/fetch-engine@5.14.0":
  version "5.14.0"
  resolved "https://registry.npmjs.org/@prisma/fetch-engine/-/fetch-engine-5.14.0.tgz"
  integrity sha512-VrheA9y9DMURK5vu8OJoOgQpxOhas3qF0IBHJ8G/0X44k82kc8E0w98HCn2nhnbOOMwbWsJWXfLC2/F8n5u0gQ==
  dependencies:
    "@prisma/debug" "5.14.0"
    "@prisma/engines-version" "5.14.0-25.e9771e62de70f79a5e1c604a2d7c8e2a0a874b48"
    "@prisma/get-platform" "5.14.0"

"@prisma/get-platform@5.14.0":
  version "5.14.0"
  resolved "https://registry.npmjs.org/@prisma/get-platform/-/get-platform-5.14.0.tgz"
  integrity sha512-/yAyBvcEjRv41ynZrhdrPtHgk47xLRRq/o5eWGcUpBJ1YrUZTYB8EoPiopnP7iQrMATK8stXQdPOoVlrzuTQZw==
  dependencies:
    "@prisma/debug" "5.14.0"

"@repo/common@*", "@repo/common@file:/home/arth/workflowsTest/packages/common":
  version "1.0.0"
  resolved "file:packages/common"
  dependencies:
    zod "^3.23.8"

"@repo/db@file:/home/arth/workflowsTest/packages/db":
  version "1.0.0"
  resolved "file:packages/db"
  dependencies:
    "@prisma/client" "5.15.0"
    "@repo/common" "*"
    prisma "^5.12.0"

"@types/node@^20.14.8":
  version "20.14.8"
  resolved "https://registry.npmjs.org/@types/node/-/node-20.14.8.tgz"
  integrity sha512-DO+2/jZinXfROG7j7WKFn/3C6nFwxy2lLpgLjEXJz+0XKphZlTLJ14mo8Vfg8X5BWN6XjyESXq+LcYdT7tR3bA==
  dependencies:
    undici-types "~5.26.4"

prisma@*, prisma@^5.12.0:
  version "5.14.0"
  resolved "https://registry.npmjs.org/prisma/-/prisma-5.14.0.tgz"
  integrity sha512-gCNZco7y5XtjrnQYeDJTiVZmT/ncqCr5RY1/Cf8X2wgLRmyh9ayPAGBNziI4qEE4S6SxCH5omQLVo9lmURaJ/Q==
  dependencies:
    "@prisma/engines" "5.14.0"

undici-types@~5.26.4:
  version "5.26.5"
  resolved "https://registry.npmjs.org/undici-types/-/undici-types-5.26.5.tgz"
  integrity sha512-JlCMO+ehdEIKqlFxk6IfVoAUVmgz7cU7zD/h9XZ0qzeosSHmUJVOzSQvvYSYWXkFXC+IfLKSIffhv0sVZup6pA==

zod@^3.23.8:
  version "3.23.8"
  resolved "https://registry.npmjs.org/zod/-/zod-3.23.8.tgz"
  integrity sha512-XBx9AXhXktjUqnepgTiE5flcKIYWi/rme0Eaj+5Y0lftuGBq+jyRu/md4WnuxqgP1ubdpNCsYEYPxrzVHD8d6g==
